
Microsoft Visual Studio Solution File, Format Version 12.00
# Visual Studio Version 17
VisualStudioVersion = 17.1.32414.318
MinimumVisualStudioVersion = 10.0.40219.1
Project("{FAE04EC0-301F-11D3-BF4B-00C04F79EFBC}") = "PracticaWeb.Web", "PracticaWeb.Web\PracticaWeb.Web.csproj", "{7CDFA46A-D38C-41BD-A9E1-C75F4DEAB175}"
EndProject
Project("{FAE04EC0-301F-11D3-BF4B-00C04F79EFBC}") = "PracticaWeb.Data", "PracticaWeb.Data\PracticaWeb.Data.csproj", "{14354A7D-9216-4F9F-BF13-A35BDD31C77D}"
EndProject
Project("{FAE04EC0-301F-11D3-BF4B-00C04F79EFBC}") = "PracticaWeb.Servicio", "PracticaWeb.Servicio\PracticaWeb.Servicio.csproj", "{BFA5F931-60C1-45FC-9BF5-58A15E438E91}"
EndProject
Global
	GlobalSection(SolutionConfigurationPlatforms) = preSolution
		Debug|Any CPU = Debug|Any CPU
		Release|Any CPU = Release|Any CPU
	EndGlobalSection
	GlobalSection(ProjectConfigurationPlatforms) = postSolution
		{7CDFA46A-D38C-41BD-A9E1-C75F4DEAB175}.Debug|Any CPU.ActiveCfg = Debug|Any CPU
		{7CDFA46A-D38C-41BD-A9E1-C75F4DEAB175}.Debug|Any CPU.Build.0 = Debug|Any CPU
		{7CDFA46A-D38C-41BD-A9E1-C75F4DEAB175}.Release|Any CPU.ActiveCfg = Release|Any CPU
		{7CDFA46A-D38C-41BD-A9E1-C75F4DEAB175}.Release|Any CPU.Build.0 = Release|Any CPU
		{14354A7D-9216-4F9F-BF13-A35BDD31C77D}.Debug|Any CPU.ActiveCfg = Debug|Any CPU
		{14354A7D-9216-4F9F-BF13-A35BDD31C77D}.Debug|Any CPU.Build.0 = Debug|Any CPU
		{14354A7D-9216-4F9F-BF13-A35BDD31C77D}.Release|Any CPU.ActiveCfg = Release|Any CPU
		{14354A7D-9216-4F9F-BF13-A35BDD31C77D}.Release|Any CPU.Build.0 = Release|Any CPU
		{BFA5F931-60C1-45FC-9BF5-58A15E438E91}.Debug|Any CPU.ActiveCfg = Debug|Any CPU
		{BFA5F931-60C1-45FC-9BF5-58A15E438E91}.Debug|Any CPU.Build.0 = Debug|Any CPU
		{BFA5F931-60C1-45FC-9BF5-58A15E438E91}.Release|Any CPU.ActiveCfg = Release|Any CPU
		{BFA5F931-60C1-45FC-9BF5-58A15E438E91}.Release|Any CPU.Build.0 = Release|Any CPU
	EndGlobalSection
	GlobalSection(SolutionProperties) = preSolution
		HideSolutionNode = FALSE
	EndGlobalSection
	GlobalSection(ExtensibilityGlobals) = postSolution
		SolutionGuid = {A4178806-9F4A-4A24-81A7-D83126C5A1AE}
	EndGlobalSection
EndGlobal
